version: 6
environments:
  default:
    channels:
    - url: https://conda.anaconda.org/conda-forge/
    indexes:
    - https://pypi.org/simple
    packages:
      linux-64:
      - conda: https://conda.anaconda.org/conda-forge/linux-64/_libgcc_mutex-0.1-conda_forge.tar.bz2
      - conda: https://conda.anaconda.org/conda-forge/linux-64/_openmp_mutex-4.5-2_gnu.tar.bz2
      - conda: https://conda.anaconda.org/conda-forge/linux-64/binutils_impl_linux-64-2.43-h4bf12b8_2.conda
      - conda: https://conda.anaconda.org/conda-forge/linux-64/binutils_linux-64-2.43-h4852527_2.conda
      - conda: https://conda.anaconda.org/conda-forge/linux-64/bzip2-1.0.8-h4bc722e_7.conda
      - conda: https://conda.anaconda.org/conda-forge/linux-64/ca-certificates-2024.8.30-hbcca054_0.conda
      - conda: https://conda.anaconda.org/conda-forge/noarch/cuda-cccl_linux-64-12.6.77-ha770c72_0.conda
      - conda: https://conda.anaconda.org/conda-forge/noarch/cuda-crt-dev_linux-64-12.6.85-ha770c72_0.conda
      - conda: https://conda.anaconda.org/conda-forge/linux-64/cuda-crt-tools-12.6.85-ha770c72_0.conda
      - conda: https://conda.anaconda.org/conda-forge/linux-64/cuda-cudart-12.6.77-h5888daf_0.conda
      - conda: https://conda.anaconda.org/conda-forge/linux-64/cuda-cudart-dev-12.6.77-h5888daf_0.conda
      - conda: https://conda.anaconda.org/conda-forge/noarch/cuda-cudart-dev_linux-64-12.6.77-h3f2d84a_0.conda
      - conda: https://conda.anaconda.org/conda-forge/linux-64/cuda-cudart-static-12.6.77-h5888daf_0.conda
      - conda: https://conda.anaconda.org/conda-forge/noarch/cuda-cudart-static_linux-64-12.6.77-h3f2d84a_0.conda
      - conda: https://conda.anaconda.org/conda-forge/noarch/cuda-cudart_linux-64-12.6.77-h3f2d84a_0.conda
      - conda: https://conda.anaconda.org/conda-forge/noarch/cuda-driver-dev_linux-64-12.6.77-h3f2d84a_0.conda
      - conda: https://conda.anaconda.org/conda-forge/linux-64/cuda-nvcc-12.6.85-hcdd1206_0.conda
      - conda: https://conda.anaconda.org/conda-forge/noarch/cuda-nvcc-dev_linux-64-12.6.85-he91c749_0.conda
      - conda: https://conda.anaconda.org/conda-forge/linux-64/cuda-nvcc-impl-12.6.85-h85509e4_0.conda
      - conda: https://conda.anaconda.org/conda-forge/linux-64/cuda-nvcc-tools-12.6.85-he02047a_0.conda
      - conda: https://conda.anaconda.org/conda-forge/linux-64/cuda-nvcc_linux-64-12.6.85-h04802cd_0.conda
      - conda: https://conda.anaconda.org/conda-forge/noarch/cuda-nvvm-dev_linux-64-12.6.85-ha770c72_0.conda
      - conda: https://conda.anaconda.org/conda-forge/linux-64/cuda-nvvm-impl-12.6.85-he02047a_0.conda
      - conda: https://conda.anaconda.org/conda-forge/linux-64/cuda-nvvm-tools-12.6.85-he02047a_0.conda
      - conda: https://conda.anaconda.org/conda-forge/noarch/cuda-version-12.6-h7480c83_3.conda
      - conda: https://conda.anaconda.org/conda-forge/linux-64/gcc_impl_linux-64-13.3.0-hfea6d02_1.conda
      - conda: https://conda.anaconda.org/conda-forge/linux-64/gcc_linux-64-13.3.0-hc28eda2_7.conda
      - conda: https://conda.anaconda.org/conda-forge/linux-64/gxx_impl_linux-64-13.3.0-hdbfa832_1.conda
      - conda: https://conda.anaconda.org/conda-forge/linux-64/gxx_linux-64-13.3.0-h6834431_7.conda
      - conda: https://conda.anaconda.org/conda-forge/noarch/kernel-headers_linux-64-3.10.0-he073ed8_18.conda
      - conda: https://conda.anaconda.org/conda-forge/linux-64/ld_impl_linux-64-2.43-h712a8e2_2.conda
      - conda: https://conda.anaconda.org/conda-forge/linux-64/libcusparse-12.5.4.2-hbd13f7d_0.conda
      - conda: https://conda.anaconda.org/conda-forge/linux-64/libexpat-2.6.4-h5888daf_0.conda
      - conda: https://conda.anaconda.org/conda-forge/linux-64/libffi-3.4.2-h7f98852_5.tar.bz2
      - conda: https://conda.anaconda.org/conda-forge/linux-64/libgcc-14.2.0-h77fa898_1.conda
      - conda: https://conda.anaconda.org/conda-forge/noarch/libgcc-devel_linux-64-13.3.0-h84ea5a7_101.conda
      - conda: https://conda.anaconda.org/conda-forge/linux-64/libgcc-ng-14.2.0-h69a702a_1.conda
      - conda: https://conda.anaconda.org/conda-forge/linux-64/libgomp-14.2.0-h77fa898_1.conda
      - conda: https://conda.anaconda.org/conda-forge/linux-64/liblzma-5.6.3-hb9d3cd8_1.conda
      - conda: https://conda.anaconda.org/conda-forge/linux-64/libmpdec-4.0.0-h4bc722e_0.conda
      - conda: https://conda.anaconda.org/conda-forge/linux-64/libnvjitlink-12.6.85-hbd13f7d_0.conda
      - conda: https://conda.anaconda.org/conda-forge/linux-64/libsanitizer-13.3.0-heb74ff8_1.conda
      - conda: https://conda.anaconda.org/conda-forge/linux-64/libsqlite-3.47.0-hadc24fc_1.conda
      - conda: https://conda.anaconda.org/conda-forge/linux-64/libstdcxx-14.2.0-hc0a3c3a_1.conda
      - conda: https://conda.anaconda.org/conda-forge/noarch/libstdcxx-devel_linux-64-13.3.0-h84ea5a7_101.conda
      - conda: https://conda.anaconda.org/conda-forge/linux-64/libuuid-2.38.1-h0b41bf4_0.conda
      - conda: https://conda.anaconda.org/conda-forge/linux-64/libzlib-1.3.1-hb9d3cd8_2.conda
      - conda: https://conda.anaconda.org/conda-forge/linux-64/ncurses-6.5-he02047a_1.conda
      - conda: https://conda.anaconda.org/conda-forge/linux-64/openssl-3.4.0-hb9d3cd8_0.conda
      - conda: https://conda.anaconda.org/conda-forge/linux-64/python-3.13.1-ha99a958_102_cp313.conda
      - conda: https://conda.anaconda.org/conda-forge/linux-64/python_abi-3.13-5_cp313.conda
      - conda: https://conda.anaconda.org/conda-forge/linux-64/readline-8.2-h8228510_1.conda
      - conda: https://conda.anaconda.org/conda-forge/noarch/sysroot_linux-64-2.17-h4a8ded7_18.conda
      - conda: https://conda.anaconda.org/conda-forge/linux-64/tk-8.6.13-noxft_h4845f30_101.conda
      - conda: https://conda.anaconda.org/conda-forge/noarch/tzdata-2024b-hc8b5060_0.conda
      - pypi: https://files.pythonhosted.org/packages/b9/f8/feced7779d755758a52d1f6635d990b8d98dc0a29fa568bbe0625f18fdf3/filelock-3.16.1-py3-none-any.whl
      - pypi: https://files.pythonhosted.org/packages/c6/b2/454d6e7f0158951d8a78c2e1eb4f69ae81beb8dca5fee9809c6c99e9d0d0/fsspec-2024.10.0-py3-none-any.whl
      - pypi: https://files.pythonhosted.org/packages/31/80/3a54838c3fb461f6fec263ebf3a3a41771bd05190238de3486aae8540c36/jinja2-3.1.4-py3-none-any.whl
      - pypi: https://files.pythonhosted.org/packages/0c/91/96cf928db8236f1bfab6ce15ad070dfdd02ed88261c2afafd4b43575e9e9/MarkupSafe-3.0.2-cp313-cp313-manylinux_2_17_x86_64.manylinux2014_x86_64.whl
      - pypi: https://files.pythonhosted.org/packages/43/e3/7d92a15f894aa0c9c4b49b8ee9ac9850d6e63b03c9c32c0367a13ae62209/mpmath-1.3.0-py3-none-any.whl
      - pypi: https://files.pythonhosted.org/packages/b9/54/dd730b32ea14ea797530a4479b2ed46a6fb250f682a9cfb997e968bf0261/networkx-3.4.2-py3-none-any.whl
      - pypi: https://files.pythonhosted.org/packages/df/54/13535f74391dbe5f479ceed96f1403267be302c840040700d4fd66688089/numpy-2.2.0-cp313-cp313-manylinux_2_17_x86_64.manylinux2014_x86_64.whl
      - pypi: https://files.pythonhosted.org/packages/ae/71/1c91302526c45ab494c23f61c7a84aa568b8c1f9d196efa5993957faf906/nvidia_cublas_cu12-12.4.5.8-py3-none-manylinux2014_x86_64.whl
      - pypi: https://files.pythonhosted.org/packages/67/42/f4f60238e8194a3106d06a058d494b18e006c10bb2b915655bd9f6ea4cb1/nvidia_cuda_cupti_cu12-12.4.127-py3-none-manylinux2014_x86_64.whl
      - pypi: https://files.pythonhosted.org/packages/2c/14/91ae57cd4db3f9ef7aa99f4019cfa8d54cb4caa7e00975df6467e9725a9f/nvidia_cuda_nvrtc_cu12-12.4.127-py3-none-manylinux2014_x86_64.whl
      - pypi: https://files.pythonhosted.org/packages/ea/27/1795d86fe88ef397885f2e580ac37628ed058a92ed2c39dc8eac3adf0619/nvidia_cuda_runtime_cu12-12.4.127-py3-none-manylinux2014_x86_64.whl
      - pypi: https://files.pythonhosted.org/packages/9f/fd/713452cd72343f682b1c7b9321e23829f00b842ceaedcda96e742ea0b0b3/nvidia_cudnn_cu12-9.1.0.70-py3-none-manylinux2014_x86_64.whl
      - pypi: https://files.pythonhosted.org/packages/27/94/3266821f65b92b3138631e9c8e7fe1fb513804ac934485a8d05776e1dd43/nvidia_cufft_cu12-11.2.1.3-py3-none-manylinux2014_x86_64.whl
      - pypi: https://files.pythonhosted.org/packages/8a/6d/44ad094874c6f1b9c654f8ed939590bdc408349f137f9b98a3a23ccec411/nvidia_curand_cu12-10.3.5.147-py3-none-manylinux2014_x86_64.whl
      - pypi: https://files.pythonhosted.org/packages/3a/e1/5b9089a4b2a4790dfdea8b3a006052cfecff58139d5a4e34cb1a51df8d6f/nvidia_cusolver_cu12-11.6.1.9-py3-none-manylinux2014_x86_64.whl
      - pypi: https://files.pythonhosted.org/packages/db/f7/97a9ea26ed4bbbfc2d470994b8b4f338ef663be97b8f677519ac195e113d/nvidia_cusparse_cu12-12.3.1.170-py3-none-manylinux2014_x86_64.whl
      - pypi: https://files.pythonhosted.org/packages/df/99/12cd266d6233f47d00daf3a72739872bdc10267d0383508b0b9c84a18bb6/nvidia_nccl_cu12-2.21.5-py3-none-manylinux2014_x86_64.whl
      - pypi: https://files.pythonhosted.org/packages/ff/ff/847841bacfbefc97a00036e0fce5a0f086b640756dc38caea5e1bb002655/nvidia_nvjitlink_cu12-12.4.127-py3-none-manylinux2014_x86_64.whl
      - pypi: https://files.pythonhosted.org/packages/87/20/199b8713428322a2f22b722c62b8cc278cc53dffa9705d744484b5035ee9/nvidia_nvtx_cu12-12.4.127-py3-none-manylinux2014_x86_64.whl
      - pypi: https://files.pythonhosted.org/packages/55/21/47d163f615df1d30c094f6c8bbb353619274edccf0327b185cc2493c2c33/setuptools-75.6.0-py3-none-any.whl
      - pypi: https://files.pythonhosted.org/packages/b2/fe/81695a1aa331a842b582453b605175f419fe8540355886031328089d840a/sympy-1.13.1-py3-none-any.whl
      - pypi: https://files.pythonhosted.org/packages/69/72/20cb30f3b39a9face296491a86adb6ff8f1a47a897e4d14667e6cf89d5c3/torch-2.5.1-cp313-cp313-manylinux1_x86_64.whl
      - pypi: https://files.pythonhosted.org/packages/26/9f/ad63fc0248c5379346306f8668cda6e2e2e9c95e01216d2b8ffd9ff037d0/typing_extensions-4.12.2-py3-none-any.whl
      - pypi: .
packages:
- conda: https://conda.anaconda.org/conda-forge/linux-64/_libgcc_mutex-0.1-conda_forge.tar.bz2
  sha256: fe51de6107f9edc7aa4f786a70f4a883943bc9d39b3bb7307c04c41410990726
  md5: d7c89558ba9fa0495403155b64376d81
  license: None
  purls: []
  size: 2562
  timestamp: 1578324546067
- conda: https://conda.anaconda.org/conda-forge/linux-64/_openmp_mutex-4.5-2_gnu.tar.bz2
  build_number: 16
  sha256: fbe2c5e56a653bebb982eda4876a9178aedfc2b545f25d0ce9c4c0b508253d22
  md5: 73aaf86a425cc6e73fcf236a5a46396d
  depends:
  - _libgcc_mutex 0.1 conda_forge
  - libgomp >=7.5.0
  constrains:
  - openmp_impl 9999
  license: BSD-3-Clause
  license_family: BSD
  purls: []
  size: 23621
  timestamp: 1650670423406
- conda: https://conda.anaconda.org/conda-forge/linux-64/binutils_impl_linux-64-2.43-h4bf12b8_2.conda
  sha256: 267e78990247369b13234bda270f31beb56a600b4851a8244e31dd9ad85b3b17
  md5: cf0c5521ac2a20dfa6c662a4009eeef6
  depends:
  - ld_impl_linux-64 2.43 h712a8e2_2
  - sysroot_linux-64
  license: GPL-3.0-only
  license_family: GPL
  purls: []
  size: 5682777
  timestamp: 1729655371045
- conda: https://conda.anaconda.org/conda-forge/linux-64/binutils_linux-64-2.43-h4852527_2.conda
  sha256: df52bd8b8b2a20a0c529d9ad08aaf66093ac318aa8a33d270f18274341a77062
  md5: 18aba879ddf1f8f28145ca6fcb873d8c
  depends:
  - binutils_impl_linux-64 2.43 h4bf12b8_2
  license: GPL-3.0-only
  license_family: GPL
  purls: []
  size: 34945
  timestamp: 1729655404893
- conda: https://conda.anaconda.org/conda-forge/linux-64/bzip2-1.0.8-h4bc722e_7.conda
  sha256: 5ced96500d945fb286c9c838e54fa759aa04a7129c59800f0846b4335cee770d
  md5: 62ee74e96c5ebb0af99386de58cf9553
  depends:
  - __glibc >=2.17,<3.0.a0
  - libgcc-ng >=12
  license: bzip2-1.0.6
  license_family: BSD
  purls: []
  size: 252783
  timestamp: 1720974456583
- conda: https://conda.anaconda.org/conda-forge/linux-64/ca-certificates-2024.8.30-hbcca054_0.conda
  sha256: afee721baa6d988e27fef1832f68d6f32ac8cc99cdf6015732224c2841a09cea
  md5: c27d1c142233b5bc9ca570c6e2e0c244
  license: ISC
  purls: []
  size: 159003
  timestamp: 1725018903918
- conda: https://conda.anaconda.org/conda-forge/noarch/cuda-cccl_linux-64-12.6.77-ha770c72_0.conda
  sha256: 00a7de1d084896758dc2d24b1faf4bf59e596790b22a3a08bf163a810bbacde8
  md5: 365a924cf93535157d61debac807e9e4
  depends:
  - cuda-version >=12.6,<12.7.0a0
  license: LicenseRef-NVIDIA-End-User-License-Agreement
  purls: []
  size: 1067930
  timestamp: 1727807050610
- conda: https://conda.anaconda.org/conda-forge/noarch/cuda-crt-dev_linux-64-12.6.85-ha770c72_0.conda
  sha256: 2515c1bddde769ad8628411e08deb31a7eafe6ace9e46bea33a3a99fbb95aea0
  md5: 4b14e78e12daa061dcdbe3ceed95cb57
  depends:
  - cuda-version >=12.6,<12.7.0a0
  license: LicenseRef-NVIDIA-End-User-License-Agreement
  purls: []
  size: 88743
  timestamp: 1732132177211
- conda: https://conda.anaconda.org/conda-forge/linux-64/cuda-crt-tools-12.6.85-ha770c72_0.conda
  sha256: 83b6f3332a17bc891f2ecdc9b1424658009e37e14e888d0bd0458b6aa4db59a2
  md5: 4ab193b5fcdcf8d7b094221e3977a112
  depends:
  - cuda-version >=12.6,<12.7.0a0
  license: LicenseRef-NVIDIA-End-User-License-Agreement
  purls: []
  size: 27135
  timestamp: 1732132181193
- conda: https://conda.anaconda.org/conda-forge/linux-64/cuda-cudart-12.6.77-h5888daf_0.conda
  sha256: e7a256a61d5b8c9d7d31932b5f4f35a8fda5a18c789cb971d98dca266fdd8792
  md5: feb533cb1e5f7ffbbb82d8465e0adaad
  depends:
  - __glibc >=2.17,<3.0.a0
  - cuda-cudart_linux-64 12.6.77 h3f2d84a_0
  - cuda-version >=12.6,<12.7.0a0
  - libgcc >=13
  - libstdcxx >=13
  license: LicenseRef-NVIDIA-End-User-License-Agreement
  purls: []
  size: 22397
  timestamp: 1727810461651
- conda: https://conda.anaconda.org/conda-forge/linux-64/cuda-cudart-dev-12.6.77-h5888daf_0.conda
  sha256: 527329f312ac6feb775e8e4d22d5b634feab2fe5cc8afb15b453d64a773945d9
  md5: 86e47562bfe92a529ae1c75bbcff814b
  depends:
  - __glibc >=2.17,<3.0.a0
  - cuda-cudart 12.6.77 h5888daf_0
  - cuda-cudart-dev_linux-64 12.6.77 h3f2d84a_0
  - cuda-cudart-static 12.6.77 h5888daf_0
  - cuda-version >=12.6,<12.7.0a0
  - libgcc >=13
  - libstdcxx >=13
  license: LicenseRef-NVIDIA-End-User-License-Agreement
  purls: []
  size: 22830
  timestamp: 1727810484719
- conda: https://conda.anaconda.org/conda-forge/noarch/cuda-cudart-dev_linux-64-12.6.77-h3f2d84a_0.conda
  sha256: 60847bd8c74b02ca17d68d742fe545db84a18bf808344eb99929f32f79bffcf9
  md5: f967e2449b6c066f6d09497fff12d803
  depends:
  - cuda-cccl_linux-64
  - cuda-cudart-static_linux-64
  - cuda-cudart_linux-64
  - cuda-version >=12.6,<12.7.0a0
  license: LicenseRef-NVIDIA-End-User-License-Agreement
  purls: []
  size: 365370
  timestamp: 1727810466552
- conda: https://conda.anaconda.org/conda-forge/linux-64/cuda-cudart-static-12.6.77-h5888daf_0.conda
  sha256: 79a58bc3eb216dd32f7adb8fe13619c34c23705d997460864293859ecea38f33
  md5: ae37b405ef74e57ef9685fcf820a2dde
  depends:
  - __glibc >=2.17,<3.0.a0
  - cuda-cudart-static_linux-64 12.6.77 h3f2d84a_0
  - cuda-version >=12.6,<12.7.0a0
  - libgcc >=13
  - libstdcxx >=13
  license: LicenseRef-NVIDIA-End-User-License-Agreement
  purls: []
  size: 22446
  timestamp: 1727810474901
- conda: https://conda.anaconda.org/conda-forge/noarch/cuda-cudart-static_linux-64-12.6.77-h3f2d84a_0.conda
  sha256: aefed29499bdbe5d0c65ca44ef596929cf34cc3014f0ae225cdd45a0e66f2660
  md5: 3ad8eacbf716ddbca1b5292a3668c821
  depends:
  - cuda-version >=12.6,<12.7.0a0
  license: LicenseRef-NVIDIA-End-User-License-Agreement
  purls: []
  size: 762328
  timestamp: 1727810443982
- conda: https://conda.anaconda.org/conda-forge/noarch/cuda-cudart_linux-64-12.6.77-h3f2d84a_0.conda
  sha256: cf8433afa236108dba2a94ea5d4f605c50f0e297ee54eb6cb37175fd84ced907
  md5: 314908ad05e2c4833475a7d93f4149ca
  depends:
  - cuda-version >=12.6,<12.7.0a0
  license: LicenseRef-NVIDIA-End-User-License-Agreement
  purls: []
  size: 188616
  timestamp: 1727810451690
- conda: https://conda.anaconda.org/conda-forge/noarch/cuda-driver-dev_linux-64-12.6.77-h3f2d84a_0.conda
  sha256: 0045dfd95c42eee2cf093d0a34bdecf2ecfcf155416adf3f11b01c9efd8c119c
  md5: f2b7f45acf027c7de8c383b1d2f6a298
  depends:
  - cuda-version >=12.6,<12.7.0a0
  license: LicenseRef-NVIDIA-End-User-License-Agreement
  purls: []
  size: 35748
  timestamp: 1727810456749
- conda: https://conda.anaconda.org/conda-forge/linux-64/cuda-nvcc-12.6.85-hcdd1206_0.conda
  sha256: 7a8d230413bc5a9ca1740443e0f818ddbd39077009bb3b00af47dbac964b4fba
  md5: fe294b5f78236b26d0b388652212e581
  depends:
  - cuda-nvcc_linux-64 12.6.85.*
  - gcc_linux-64
  - gxx_linux-64
  license: LicenseRef-NVIDIA-End-User-License-Agreement
  purls: []
  size: 23610
  timestamp: 1732134779687
- conda: https://conda.anaconda.org/conda-forge/noarch/cuda-nvcc-dev_linux-64-12.6.85-he91c749_0.conda
  sha256: 2f16919e10291d6c39a0d7969b3fe63ca9f7c7ede4798d6882cd74b38219468e
  md5: 8d4bca6397374ecbd3001ab4ece3b23d
  depends:
  - cuda-crt-dev_linux-64 12.6.85 ha770c72_0
  - cuda-nvvm-dev_linux-64 12.6.85 ha770c72_0
  - cuda-version >=12.6,<12.7.0a0
  - libgcc >=6
  constrains:
  - gcc_impl_linux-64 >=6,<14.0a0
  license: LicenseRef-NVIDIA-End-User-License-Agreement
  purls: []
  size: 11352789
  timestamp: 1732132275906
- conda: https://conda.anaconda.org/conda-forge/linux-64/cuda-nvcc-impl-12.6.85-h85509e4_0.conda
  sha256: 40bb419caa57e641070f6a4679fee902263fff365b1d409fbc169002a7ba90b5
  md5: e5b96d2e34abaa90c0c1c968d02bbc9b
  depends:
  - cuda-cudart >=12.6.77,<13.0a0
  - cuda-cudart-dev
  - cuda-nvcc-dev_linux-64 12.6.85 he91c749_0
  - cuda-nvcc-tools 12.6.85 he02047a_0
  - cuda-nvvm-impl 12.6.85 he02047a_0
  - cuda-version >=12.6,<12.7.0a0
  constrains:
  - gcc_impl_linux-64 >=6,<14.0a0
  license: LicenseRef-NVIDIA-End-User-License-Agreement
  purls: []
  size: 25484
  timestamp: 1732132305254
- conda: https://conda.anaconda.org/conda-forge/linux-64/cuda-nvcc-tools-12.6.85-he02047a_0.conda
  sha256: 0f8cc474130f9654cacc6e5ff4b62b731da28019c5e28ca318a3e38a84e3b1a8
  md5: 30b272fa555944cb44f8d4dc9244abb5
  depends:
  - __glibc >=2.17,<3.0.a0
  - cuda-crt-tools 12.6.85 ha770c72_0
  - cuda-nvvm-tools 12.6.85 he02047a_0
  - cuda-version >=12.6,<12.7.0a0
  - libgcc >=12
  - libstdcxx >=12
  constrains:
  - gcc_impl_linux-64 >=6,<14.0a0
  license: LicenseRef-NVIDIA-End-User-License-Agreement
  purls: []
  size: 24082529
  timestamp: 1732132231855
- conda: https://conda.anaconda.org/conda-forge/linux-64/cuda-nvcc_linux-64-12.6.85-h04802cd_0.conda
  sha256: 8e60c2060eedeec7ba4cceb7f2d2d21c3047792a922cf4af40579ecf505fa0c3
  md5: 4e1376cbc6d66b6744557cabeff02ca2
  depends:
  - __glibc >=2.17,<3.0.a0
  - cuda-cudart-dev_linux-64 12.6.*
  - cuda-driver-dev_linux-64 12.6.*
  - cuda-nvcc-dev_linux-64 12.6.85.*
  - cuda-nvcc-impl 12.6.85.*
  - cuda-nvcc-tools 12.6.85.*
  - sysroot_linux-64 >=2.17,<3.0a0
  license: LicenseRef-NVIDIA-End-User-License-Agreement
  purls: []
  size: 25280
  timestamp: 1732134779078
- conda: https://conda.anaconda.org/conda-forge/noarch/cuda-nvvm-dev_linux-64-12.6.85-ha770c72_0.conda
  sha256: f1df1d3ba7a8292d06acca271c5c5793b4b1f25e7c8c005b841f866816edf2c7
  md5: 9c1f1ecfd9990b549312b3206d9c003b
  depends:
  - cuda-version >=12.6,<12.7.0a0
  license: LicenseRef-NVIDIA-End-User-License-Agreement
  purls: []
  size: 25209
  timestamp: 1732132184433
- conda: https://conda.anaconda.org/conda-forge/linux-64/cuda-nvvm-impl-12.6.85-he02047a_0.conda
  sha256: 98c1b86b9f6b6a184aabae6ac614ec8e1692cda7e21fe3ff09fab6358364a0b8
  md5: 5b72e12459f5deab812cb30b67b64d48
  depends:
  - __glibc >=2.17,<3.0.a0
  - cuda-version >=12.6,<12.7.0a0
  - libgcc >=12
  - libstdcxx >=12
  license: LicenseRef-NVIDIA-End-User-License-Agreement
  purls: []
  size: 8085058
  timestamp: 1732132194015
- conda: https://conda.anaconda.org/conda-forge/linux-64/cuda-nvvm-tools-12.6.85-he02047a_0.conda
  sha256: 5c7ab2b1367cefaa15a8d8880e9985ed2753a990765d047df23fa8ddb2ba9e7a
  md5: 0919bdf9454da5eb974e98dd79bf38fe
  depends:
  - __glibc >=2.17,<3.0.a0
  - cuda-version >=12.6,<12.7.0a0
  - libgcc >=12
  - libstdcxx >=12
  license: LicenseRef-NVIDIA-End-User-License-Agreement
  purls: []
  size: 10880815
  timestamp: 1732132210850
- conda: https://conda.anaconda.org/conda-forge/noarch/cuda-version-12.6-h7480c83_3.conda
  sha256: fd9104d73199040285b6a6ad56322b38af04828fabbac1f5a268a83509358425
  md5: 1c8b99e65a4423b1e4ac2e4c76fb0978
  constrains:
  - cudatoolkit 12.6|12.6.*
  - __cuda >=12
  license: LicenseRef-NVIDIA-End-User-License-Agreement
  purls: []
  size: 20940
  timestamp: 1722603990914
- pypi: .
  name: diffusion-policy-accelerated
  version: '1.5'
  sha256: cfc5b08ae5baa2e09cd69e670c3bad70d76f6c7aa31cf9fbdd179dad3a9daad1
  requires_dist:
  - torch
  - numpy
  requires_python: '>=3.10'
  editable: true
- pypi: https://files.pythonhosted.org/packages/b9/f8/feced7779d755758a52d1f6635d990b8d98dc0a29fa568bbe0625f18fdf3/filelock-3.16.1-py3-none-any.whl
  name: filelock
  version: 3.16.1
  sha256: 2082e5703d51fbf98ea75855d9d5527e33d8ff23099bec374a134febee6946b0
  requires_dist:
  - furo>=2024.8.6 ; extra == 'docs'
  - sphinx-autodoc-typehints>=2.4.1 ; extra == 'docs'
  - sphinx>=8.0.2 ; extra == 'docs'
  - covdefaults>=2.3 ; extra == 'testing'
  - coverage>=7.6.1 ; extra == 'testing'
  - diff-cover>=9.2 ; extra == 'testing'
  - pytest-asyncio>=0.24 ; extra == 'testing'
  - pytest-cov>=5 ; extra == 'testing'
  - pytest-mock>=3.14 ; extra == 'testing'
  - pytest-timeout>=2.3.1 ; extra == 'testing'
  - pytest>=8.3.3 ; extra == 'testing'
  - virtualenv>=20.26.4 ; extra == 'testing'
  - typing-extensions>=4.12.2 ; python_full_version < '3.11' and extra == 'typing'
  requires_python: '>=3.8'
- pypi: https://files.pythonhosted.org/packages/c6/b2/454d6e7f0158951d8a78c2e1eb4f69ae81beb8dca5fee9809c6c99e9d0d0/fsspec-2024.10.0-py3-none-any.whl
  name: fsspec
  version: 2024.10.0
  sha256: 03b9a6785766a4de40368b88906366755e2819e758b83705c88cd7cb5fe81871
  requires_dist:
  - adlfs ; extra == 'abfs'
  - adlfs ; extra == 'adl'
  - pyarrow>=1 ; extra == 'arrow'
  - dask ; extra == 'dask'
  - distributed ; extra == 'dask'
  - pre-commit ; extra == 'dev'
  - ruff ; extra == 'dev'
  - numpydoc ; extra == 'doc'
  - sphinx ; extra == 'doc'
  - sphinx-design ; extra == 'doc'
  - sphinx-rtd-theme ; extra == 'doc'
  - yarl ; extra == 'doc'
  - dropbox ; extra == 'dropbox'
  - dropboxdrivefs ; extra == 'dropbox'
  - requests ; extra == 'dropbox'
  - adlfs ; extra == 'full'
  - aiohttp!=4.0.0a0,!=4.0.0a1 ; extra == 'full'
  - dask ; extra == 'full'
  - distributed ; extra == 'full'
  - dropbox ; extra == 'full'
  - dropboxdrivefs ; extra == 'full'
  - fusepy ; extra == 'full'
  - gcsfs ; extra == 'full'
  - libarchive-c ; extra == 'full'
  - ocifs ; extra == 'full'
  - panel ; extra == 'full'
  - paramiko ; extra == 'full'
  - pyarrow>=1 ; extra == 'full'
  - pygit2 ; extra == 'full'
  - requests ; extra == 'full'
  - s3fs ; extra == 'full'
  - smbprotocol ; extra == 'full'
  - tqdm ; extra == 'full'
  - fusepy ; extra == 'fuse'
  - gcsfs ; extra == 'gcs'
  - pygit2 ; extra == 'git'
  - requests ; extra == 'github'
  - gcsfs ; extra == 'gs'
  - panel ; extra == 'gui'
  - pyarrow>=1 ; extra == 'hdfs'
  - aiohttp!=4.0.0a0,!=4.0.0a1 ; extra == 'http'
  - libarchive-c ; extra == 'libarchive'
  - ocifs ; extra == 'oci'
  - s3fs ; extra == 's3'
  - paramiko ; extra == 'sftp'
  - smbprotocol ; extra == 'smb'
  - paramiko ; extra == 'ssh'
  - aiohttp!=4.0.0a0,!=4.0.0a1 ; extra == 'test'
  - numpy ; extra == 'test'
  - pytest ; extra == 'test'
  - pytest-asyncio!=0.22.0 ; extra == 'test'
  - pytest-benchmark ; extra == 'test'
  - pytest-cov ; extra == 'test'
  - pytest-mock ; extra == 'test'
  - pytest-recording ; extra == 'test'
  - pytest-rerunfailures ; extra == 'test'
  - requests ; extra == 'test'
  - aiobotocore>=2.5.4,<3.0.0 ; extra == 'test-downstream'
  - dask-expr ; extra == 'test-downstream'
  - dask[dataframe,test] ; extra == 'test-downstream'
  - moto[server]>4,<5 ; extra == 'test-downstream'
  - pytest-timeout ; extra == 'test-downstream'
  - xarray ; extra == 'test-downstream'
  - adlfs ; extra == 'test-full'
  - aiohttp!=4.0.0a0,!=4.0.0a1 ; extra == 'test-full'
  - cloudpickle ; extra == 'test-full'
  - dask ; extra == 'test-full'
  - distributed ; extra == 'test-full'
  - dropbox ; extra == 'test-full'
  - dropboxdrivefs ; extra == 'test-full'
  - fastparquet ; extra == 'test-full'
  - fusepy ; extra == 'test-full'
  - gcsfs ; extra == 'test-full'
  - jinja2 ; extra == 'test-full'
  - kerchunk ; extra == 'test-full'
  - libarchive-c ; extra == 'test-full'
  - lz4 ; extra == 'test-full'
  - notebook ; extra == 'test-full'
  - numpy ; extra == 'test-full'
  - ocifs ; extra == 'test-full'
  - pandas ; extra == 'test-full'
  - panel ; extra == 'test-full'
  - paramiko ; extra == 'test-full'
  - pyarrow ; extra == 'test-full'
  - pyarrow>=1 ; extra == 'test-full'
  - pyftpdlib ; extra == 'test-full'
  - pygit2 ; extra == 'test-full'
  - pytest ; extra == 'test-full'
  - pytest-asyncio!=0.22.0 ; extra == 'test-full'
  - pytest-benchmark ; extra == 'test-full'
  - pytest-cov ; extra == 'test-full'
  - pytest-mock ; extra == 'test-full'
  - pytest-recording ; extra == 'test-full'
  - pytest-rerunfailures ; extra == 'test-full'
  - python-snappy ; extra == 'test-full'
  - requests ; extra == 'test-full'
  - smbprotocol ; extra == 'test-full'
  - tqdm ; extra == 'test-full'
  - urllib3 ; extra == 'test-full'
  - zarr ; extra == 'test-full'
  - zstandard ; extra == 'test-full'
  - tqdm ; extra == 'tqdm'
  requires_python: '>=3.8'
- conda: https://conda.anaconda.org/conda-forge/linux-64/gcc_impl_linux-64-13.3.0-hfea6d02_1.conda
  sha256: 998ade1d487e93fc8a7a16b90e2af69ebb227355bf4646488661f7ae5887873c
  md5: 0d043dbc126b64f79d915a0e96d3a1d5
  depends:
  - binutils_impl_linux-64 >=2.40
  - libgcc >=13.3.0
  - libgcc-devel_linux-64 13.3.0 h84ea5a7_101
  - libgomp >=13.3.0
  - libsanitizer 13.3.0 heb74ff8_1
  - libstdcxx >=13.3.0
  - sysroot_linux-64
  license: GPL-3.0-only WITH GCC-exception-3.1
  license_family: GPL
  purls: []
  size: 67464415
  timestamp: 1724801227937
- conda: https://conda.anaconda.org/conda-forge/linux-64/gcc_linux-64-13.3.0-hc28eda2_7.conda
  sha256: 1e5ac50580a68fdc7d2f5722abcf1a87898c24b1ab6eb5ecd322634742d93645
  md5: ac23afbf5805389eb771e2ad3b476f75
  depends:
  - binutils_linux-64
  - gcc_impl_linux-64 13.3.0.*
  - sysroot_linux-64
  license: BSD-3-Clause
  license_family: BSD
  purls: []
  size: 32005
  timestamp: 1731939593317
- conda: https://conda.anaconda.org/conda-forge/linux-64/gxx_impl_linux-64-13.3.0-hdbfa832_1.conda
  sha256: 746dff24bb1efc89ab0ec108838d0711683054e3bbbcb94d042943410a98eca1
  md5: 806367e23a0a6ad21e51875b34c57d7e
  depends:
  - gcc_impl_linux-64 13.3.0 hfea6d02_1
  - libstdcxx-devel_linux-64 13.3.0 h84ea5a7_101
  - sysroot_linux-64
  - tzdata
  license: GPL-3.0-only WITH GCC-exception-3.1
  license_family: GPL
  purls: []
  size: 13337720
  timestamp: 1724801455825
- conda: https://conda.anaconda.org/conda-forge/linux-64/gxx_linux-64-13.3.0-h6834431_7.conda
  sha256: a9b1ffea76f2cc5aedeead4793fcded7a687cce9d5e3f4fe93629f1b1d5043a6
  md5: 7c82ca9bda609b6f72f670e4219d3787
  depends:
  - binutils_linux-64
  - gcc_linux-64 13.3.0 hc28eda2_7
  - gxx_impl_linux-64 13.3.0.*
  - sysroot_linux-64
  license: BSD-3-Clause
  license_family: BSD
  purls: []
  size: 30356
  timestamp: 1731939612705
- pypi: https://files.pythonhosted.org/packages/31/80/3a54838c3fb461f6fec263ebf3a3a41771bd05190238de3486aae8540c36/jinja2-3.1.4-py3-none-any.whl
  name: jinja2
  version: 3.1.4
  sha256: bc5dd2abb727a5319567b7a813e6a2e7318c39f4f487cfe6c89c6f9c7d25197d
  requires_dist:
  - markupsafe>=2.0
  - babel>=2.7 ; extra == 'i18n'
  requires_python: '>=3.7'
- conda: https://conda.anaconda.org/conda-forge/noarch/kernel-headers_linux-64-3.10.0-he073ed8_18.conda
  sha256: a922841ad80bd7b222502e65c07ecb67e4176c4fa5b03678a005f39fcc98be4b
  md5: ad8527bf134a90e1c9ed35fa0b64318c
  constrains:
  - sysroot_linux-64 ==2.17
  license: LGPL-2.0-or-later AND LGPL-2.0-or-later WITH exceptions AND GPL-2.0-or-later AND MPL-2.0
  license_family: GPL
  purls: []
  size: 943486
  timestamp: 1729794504440
- conda: https://conda.anaconda.org/conda-forge/linux-64/ld_impl_linux-64-2.43-h712a8e2_2.conda
  sha256: 7c91cea91b13f4314d125d1bedb9d03a29ebbd5080ccdea70260363424646dbe
  md5: 048b02e3962f066da18efe3a21b77672
  depends:
  - __glibc >=2.17,<3.0.a0
  constrains:
  - binutils_impl_linux-64 2.43
  license: GPL-3.0-only
  license_family: GPL
  purls: []
  size: 669211
  timestamp: 1729655358674
- conda: https://conda.anaconda.org/conda-forge/linux-64/libcusparse-12.5.4.2-hbd13f7d_0.conda
  sha256: 9db5d983d102c20f2cecc494ea22d84c44df37d373982815fc2eb669bf0bd376
  md5: 8186e9de34f321aa34965c1cb72c0c26
  depends:
  - __glibc >=2.17,<3.0.a0
  - cuda-version >=12.6,<12.7.0a0
  - libgcc >=13
  - libnvjitlink >=12.6.77,<12.7.0a0
  - libstdcxx >=13
  license: LicenseRef-NVIDIA-End-User-License-Agreement
  purls: []
  size: 124403455
  timestamp: 1727811455861
- conda: https://conda.anaconda.org/conda-forge/linux-64/libexpat-2.6.4-h5888daf_0.conda
  sha256: 56541b98447b58e52d824bd59d6382d609e11de1f8adf20b23143e353d2b8d26
  md5: db833e03127376d461e1e13e76f09b6c
  depends:
  - __glibc >=2.17,<3.0.a0
  - libgcc >=13
  constrains:
  - expat 2.6.4.*
  license: MIT
  license_family: MIT
  purls: []
  size: 73304
  timestamp: 1730967041968
- conda: https://conda.anaconda.org/conda-forge/linux-64/libffi-3.4.2-h7f98852_5.tar.bz2
  sha256: ab6e9856c21709b7b517e940ae7028ae0737546122f83c2aa5d692860c3b149e
  md5: d645c6d2ac96843a2bfaccd2d62b3ac3
  depends:
  - libgcc-ng >=9.4.0
  license: MIT
  license_family: MIT
  purls: []
  size: 58292
  timestamp: 1636488182923
- conda: https://conda.anaconda.org/conda-forge/linux-64/libgcc-14.2.0-h77fa898_1.conda
  sha256: 53eb8a79365e58849e7b1a068d31f4f9e718dc938d6f2c03e960345739a03569
  md5: 3cb76c3f10d3bc7f1105b2fc9db984df
  depends:
  - _libgcc_mutex 0.1 conda_forge
  - _openmp_mutex >=4.5
  constrains:
  - libgomp 14.2.0 h77fa898_1
  - libgcc-ng ==14.2.0=*_1
  license: GPL-3.0-only WITH GCC-exception-3.1
  license_family: GPL
  purls: []
  size: 848745
  timestamp: 1729027721139
- conda: https://conda.anaconda.org/conda-forge/noarch/libgcc-devel_linux-64-13.3.0-h84ea5a7_101.conda
  sha256: 027cfb011328a108bc44f512a2dec6d954db85709e0b79b748c3392f85de0c64
  md5: 0ce69d40c142915ac9734bc6134e514a
  depends:
  - __unix
  license: GPL-3.0-only WITH GCC-exception-3.1
  license_family: GPL
  purls: []
  size: 2598313
  timestamp: 1724801050802
- conda: https://conda.anaconda.org/conda-forge/linux-64/libgcc-ng-14.2.0-h69a702a_1.conda
  sha256: 3a76969c80e9af8b6e7a55090088bc41da4cffcde9e2c71b17f44d37b7cb87f7
  md5: e39480b9ca41323497b05492a63bc35b
  depends:
  - libgcc 14.2.0 h77fa898_1
  license: GPL-3.0-only WITH GCC-exception-3.1
  license_family: GPL
  purls: []
  size: 54142
  timestamp: 1729027726517
- conda: https://conda.anaconda.org/conda-forge/linux-64/libgomp-14.2.0-h77fa898_1.conda
  sha256: 1911c29975ec99b6b906904040c855772ccb265a1c79d5d75c8ceec4ed89cd63
  md5: cc3573974587f12dda90d96e3e55a702
  depends:
  - _libgcc_mutex 0.1 conda_forge
  license: GPL-3.0-only WITH GCC-exception-3.1
  license_family: GPL
  purls: []
  size: 460992
  timestamp: 1729027639220
- conda: https://conda.anaconda.org/conda-forge/linux-64/liblzma-5.6.3-hb9d3cd8_1.conda
  sha256: e6e425252f3839e2756e4af1ea2074dffd3396c161bf460629f9dfd6a65f15c6
  md5: 2ecf2f1c7e4e21fcfe6423a51a992d84
  depends:
  - __glibc >=2.17,<3.0.a0
  - libgcc >=13
  license: 0BSD
  purls: []
  size: 111132
  timestamp: 1733407410083
- conda: https://conda.anaconda.org/conda-forge/linux-64/libmpdec-4.0.0-h4bc722e_0.conda
  sha256: d02d1d3304ecaf5c728e515eb7416517a0b118200cd5eacbe829c432d1664070
  md5: aeb98fdeb2e8f25d43ef71fbacbeec80
  depends:
  - __glibc >=2.17,<3.0.a0
  - libgcc-ng >=12
  license: BSD-2-Clause
  license_family: BSD
  purls: []
  size: 89991
  timestamp: 1723817448345
- conda: https://conda.anaconda.org/conda-forge/linux-64/libnvjitlink-12.6.85-hbd13f7d_0.conda
  sha256: f8af058f7ba2e436f6bbeaabe273a6e88d6193028572769c8402bbee2bdfa95d
  md5: dca2d62b3812922e6976f76c0a401918
  depends:
  - __glibc >=2.17,<3.0.a0
  - cuda-version >=12,<12.7.0a0
  - libgcc >=13
  - libstdcxx >=13
  license: LicenseRef-NVIDIA-End-User-License-Agreement
  purls: []
  size: 15590703
  timestamp: 1732133239776
- conda: https://conda.anaconda.org/conda-forge/linux-64/libsanitizer-13.3.0-heb74ff8_1.conda
  sha256: c86d130f0a3099e46ff51aa7ffaab73cb44fc420d27a96076aab3b9a326fc137
  md5: c4cb22f270f501f5c59a122dc2adf20a
  depends:
  - libgcc >=13.3.0
  - libstdcxx >=13.3.0
  license: GPL-3.0-only WITH GCC-exception-3.1
  license_family: GPL
  purls: []
  size: 4133922
  timestamp: 1724801171589
- conda: https://conda.anaconda.org/conda-forge/linux-64/libsqlite-3.47.0-hadc24fc_1.conda
  sha256: 8a9aadf996a2399f65b679c6e7f29139d5059f699c63e6d7b50e20db10c00508
  md5: b6f02b52a174e612e89548f4663ce56a
  depends:
  - __glibc >=2.17,<3.0.a0
  - libgcc >=13
  - libzlib >=1.3.1,<2.0a0
  license: Unlicense
  purls: []
  size: 875349
  timestamp: 1730208050020
- conda: https://conda.anaconda.org/conda-forge/linux-64/libstdcxx-14.2.0-hc0a3c3a_1.conda
  sha256: 4661af0eb9bdcbb5fb33e5d0023b001ad4be828fccdcc56500059d56f9869462
  md5: 234a5554c53625688d51062645337328
  depends:
  - libgcc 14.2.0 h77fa898_1
  license: GPL-3.0-only WITH GCC-exception-3.1
  license_family: GPL
  purls: []
  size: 3893695
  timestamp: 1729027746910
- conda: https://conda.anaconda.org/conda-forge/noarch/libstdcxx-devel_linux-64-13.3.0-h84ea5a7_101.conda
  sha256: 0a9226c1b994f996229ffb54fa40d608cd4e4b48e8dc73a66134bea8ce949412
  md5: 29b5a4ed4613fa81a07c21045e3f5bf6
  depends:
  - __unix
  license: GPL-3.0-only WITH GCC-exception-3.1
  license_family: GPL
  purls: []
  size: 14074676
  timestamp: 1724801075448
- conda: https://conda.anaconda.org/conda-forge/linux-64/libuuid-2.38.1-h0b41bf4_0.conda
  sha256: 787eb542f055a2b3de553614b25f09eefb0a0931b0c87dbcce6efdfd92f04f18
  md5: 40b61aab5c7ba9ff276c41cfffe6b80b
  depends:
  - libgcc-ng >=12
  license: BSD-3-Clause
  license_family: BSD
  purls: []
  size: 33601
  timestamp: 1680112270483
- conda: https://conda.anaconda.org/conda-forge/linux-64/libzlib-1.3.1-hb9d3cd8_2.conda
  sha256: d4bfe88d7cb447768e31650f06257995601f89076080e76df55e3112d4e47dc4
  md5: edb0dca6bc32e4f4789199455a1dbeb8
  depends:
  - __glibc >=2.17,<3.0.a0
  - libgcc >=13
  constrains:
  - zlib 1.3.1 *_2
  license: Zlib
  license_family: Other
  purls: []
  size: 60963
  timestamp: 1727963148474
- pypi: https://files.pythonhosted.org/packages/0c/91/96cf928db8236f1bfab6ce15ad070dfdd02ed88261c2afafd4b43575e9e9/MarkupSafe-3.0.2-cp313-cp313-manylinux_2_17_x86_64.manylinux2014_x86_64.whl
  name: markupsafe
  version: 3.0.2
  sha256: 15ab75ef81add55874e7ab7055e9c397312385bd9ced94920f2802310c930396
  requires_python: '>=3.9'
- pypi: https://files.pythonhosted.org/packages/43/e3/7d92a15f894aa0c9c4b49b8ee9ac9850d6e63b03c9c32c0367a13ae62209/mpmath-1.3.0-py3-none-any.whl
  name: mpmath
  version: 1.3.0
  sha256: a0b2b9fe80bbcd81a6647ff13108738cfb482d481d826cc0e02f5b35e5c88d2c
  requires_dist:
  - pytest>=4.6 ; extra == 'develop'
  - pycodestyle ; extra == 'develop'
  - pytest-cov ; extra == 'develop'
  - codecov ; extra == 'develop'
  - wheel ; extra == 'develop'
  - sphinx ; extra == 'docs'
  - gmpy2>=2.1.0a4 ; platform_python_implementation != 'PyPy' and extra == 'gmpy'
  - pytest>=4.6 ; extra == 'tests'
- conda: https://conda.anaconda.org/conda-forge/linux-64/ncurses-6.5-he02047a_1.conda
  sha256: 6a1d5d8634c1a07913f1c525db6455918cbc589d745fac46d9d6e30340c8731a
  md5: 70caf8bb6cf39a0b6b7efc885f51c0fe
  depends:
  - __glibc >=2.17,<3.0.a0
  - libgcc-ng >=12
  license: X11 AND BSD-3-Clause
  purls: []
  size: 889086
  timestamp: 1724658547447
- pypi: https://files.pythonhosted.org/packages/b9/54/dd730b32ea14ea797530a4479b2ed46a6fb250f682a9cfb997e968bf0261/networkx-3.4.2-py3-none-any.whl
  name: networkx
  version: 3.4.2
  sha256: df5d4365b724cf81b8c6a7312509d0c22386097011ad1abe274afd5e9d3bbc5f
  requires_dist:
  - numpy>=1.24 ; extra == 'default'
  - scipy>=1.10,!=1.11.0,!=1.11.1 ; extra == 'default'
  - matplotlib>=3.7 ; extra == 'default'
  - pandas>=2.0 ; extra == 'default'
  - changelist==0.5 ; extra == 'developer'
  - pre-commit>=3.2 ; extra == 'developer'
  - mypy>=1.1 ; extra == 'developer'
  - rtoml ; extra == 'developer'
  - sphinx>=7.3 ; extra == 'doc'
  - pydata-sphinx-theme>=0.15 ; extra == 'doc'
  - sphinx-gallery>=0.16 ; extra == 'doc'
  - numpydoc>=1.8.0 ; extra == 'doc'
  - pillow>=9.4 ; extra == 'doc'
  - texext>=0.6.7 ; extra == 'doc'
  - myst-nb>=1.1 ; extra == 'doc'
  - intersphinx-registry ; extra == 'doc'
  - osmnx>=1.9 ; extra == 'example'
  - momepy>=0.7.2 ; extra == 'example'
  - contextily>=1.6 ; extra == 'example'
  - seaborn>=0.13 ; extra == 'example'
  - cairocffi>=1.7 ; extra == 'example'
  - igraph>=0.11 ; extra == 'example'
  - scikit-learn>=1.5 ; extra == 'example'
  - lxml>=4.6 ; extra == 'extra'
  - pygraphviz>=1.14 ; extra == 'extra'
  - pydot>=3.0.1 ; extra == 'extra'
  - sympy>=1.10 ; extra == 'extra'
  - pytest>=7.2 ; extra == 'test'
  - pytest-cov>=4.0 ; extra == 'test'
  requires_python: '>=3.10'
- pypi: https://files.pythonhosted.org/packages/df/54/13535f74391dbe5f479ceed96f1403267be302c840040700d4fd66688089/numpy-2.2.0-cp313-cp313-manylinux_2_17_x86_64.manylinux2014_x86_64.whl
  name: numpy
  version: 2.2.0
  sha256: a7d41d1612c1a82b64697e894b75db6758d4f21c3ec069d841e60ebe54b5b571
  requires_python: '>=3.10'
- pypi: https://files.pythonhosted.org/packages/ae/71/1c91302526c45ab494c23f61c7a84aa568b8c1f9d196efa5993957faf906/nvidia_cublas_cu12-12.4.5.8-py3-none-manylinux2014_x86_64.whl
  name: nvidia-cublas-cu12
  version: 12.4.5.8
  sha256: 2fc8da60df463fdefa81e323eef2e36489e1c94335b5358bcb38360adf75ac9b
  requires_python: '>=3'
- pypi: https://files.pythonhosted.org/packages/67/42/f4f60238e8194a3106d06a058d494b18e006c10bb2b915655bd9f6ea4cb1/nvidia_cuda_cupti_cu12-12.4.127-py3-none-manylinux2014_x86_64.whl
  name: nvidia-cuda-cupti-cu12
  version: 12.4.127
  sha256: 9dec60f5ac126f7bb551c055072b69d85392b13311fcc1bcda2202d172df30fb
  requires_python: '>=3'
- pypi: https://files.pythonhosted.org/packages/2c/14/91ae57cd4db3f9ef7aa99f4019cfa8d54cb4caa7e00975df6467e9725a9f/nvidia_cuda_nvrtc_cu12-12.4.127-py3-none-manylinux2014_x86_64.whl
  name: nvidia-cuda-nvrtc-cu12
  version: 12.4.127
  sha256: a178759ebb095827bd30ef56598ec182b85547f1508941a3d560eb7ea1fbf338
  requires_python: '>=3'
- pypi: https://files.pythonhosted.org/packages/ea/27/1795d86fe88ef397885f2e580ac37628ed058a92ed2c39dc8eac3adf0619/nvidia_cuda_runtime_cu12-12.4.127-py3-none-manylinux2014_x86_64.whl
  name: nvidia-cuda-runtime-cu12
  version: 12.4.127
  sha256: 64403288fa2136ee8e467cdc9c9427e0434110899d07c779f25b5c068934faa5
  requires_python: '>=3'
- pypi: https://files.pythonhosted.org/packages/9f/fd/713452cd72343f682b1c7b9321e23829f00b842ceaedcda96e742ea0b0b3/nvidia_cudnn_cu12-9.1.0.70-py3-none-manylinux2014_x86_64.whl
  name: nvidia-cudnn-cu12
  version: 9.1.0.70
  sha256: 165764f44ef8c61fcdfdfdbe769d687e06374059fbb388b6c89ecb0e28793a6f
  requires_dist:
  - nvidia-cublas-cu12
  requires_python: '>=3'
- pypi: https://files.pythonhosted.org/packages/27/94/3266821f65b92b3138631e9c8e7fe1fb513804ac934485a8d05776e1dd43/nvidia_cufft_cu12-11.2.1.3-py3-none-manylinux2014_x86_64.whl
  name: nvidia-cufft-cu12
  version: 11.2.1.3
  sha256: f083fc24912aa410be21fa16d157fed2055dab1cc4b6934a0e03cba69eb242b9
  requires_python: '>=3'
- pypi: https://files.pythonhosted.org/packages/8a/6d/44ad094874c6f1b9c654f8ed939590bdc408349f137f9b98a3a23ccec411/nvidia_curand_cu12-10.3.5.147-py3-none-manylinux2014_x86_64.whl
  name: nvidia-curand-cu12
  version: 10.3.5.147
  sha256: a88f583d4e0bb643c49743469964103aa59f7f708d862c3ddb0fc07f851e3b8b
  requires_python: '>=3'
- pypi: https://files.pythonhosted.org/packages/3a/e1/5b9089a4b2a4790dfdea8b3a006052cfecff58139d5a4e34cb1a51df8d6f/nvidia_cusolver_cu12-11.6.1.9-py3-none-manylinux2014_x86_64.whl
  name: nvidia-cusolver-cu12
  version: 11.6.1.9
  sha256: 19e33fa442bcfd085b3086c4ebf7e8debc07cfe01e11513cc6d332fd918ac260
  requires_dist:
  - nvidia-cublas-cu12
  - nvidia-nvjitlink-cu12
  - nvidia-cusparse-cu12
  requires_python: '>=3'
- pypi: https://files.pythonhosted.org/packages/db/f7/97a9ea26ed4bbbfc2d470994b8b4f338ef663be97b8f677519ac195e113d/nvidia_cusparse_cu12-12.3.1.170-py3-none-manylinux2014_x86_64.whl
  name: nvidia-cusparse-cu12
  version: 12.3.1.170
  sha256: ea4f11a2904e2a8dc4b1833cc1b5181cde564edd0d5cd33e3c168eff2d1863f1
  requires_dist:
  - nvidia-nvjitlink-cu12
  requires_python: '>=3'
- pypi: https://files.pythonhosted.org/packages/df/99/12cd266d6233f47d00daf3a72739872bdc10267d0383508b0b9c84a18bb6/nvidia_nccl_cu12-2.21.5-py3-none-manylinux2014_x86_64.whl
  name: nvidia-nccl-cu12
  version: 2.21.5
  sha256: 8579076d30a8c24988834445f8d633c697d42397e92ffc3f63fa26766d25e0a0
  requires_python: '>=3'
- pypi: https://files.pythonhosted.org/packages/ff/ff/847841bacfbefc97a00036e0fce5a0f086b640756dc38caea5e1bb002655/nvidia_nvjitlink_cu12-12.4.127-py3-none-manylinux2014_x86_64.whl
  name: nvidia-nvjitlink-cu12
  version: 12.4.127
  sha256: 06b3b9b25bf3f8af351d664978ca26a16d2c5127dbd53c0497e28d1fb9611d57
  requires_python: '>=3'
- pypi: https://files.pythonhosted.org/packages/87/20/199b8713428322a2f22b722c62b8cc278cc53dffa9705d744484b5035ee9/nvidia_nvtx_cu12-12.4.127-py3-none-manylinux2014_x86_64.whl
  name: nvidia-nvtx-cu12
  version: 12.4.127
  sha256: 781e950d9b9f60d8241ccea575b32f5105a5baf4c2351cab5256a24869f12a1a
  requires_python: '>=3'
- conda: https://conda.anaconda.org/conda-forge/linux-64/openssl-3.4.0-hb9d3cd8_0.conda
  sha256: 814b9dff1847b132c676ee6cc1a8cb2d427320779b93e1b6d76552275c128705
  md5: 23cc74f77eb99315c0360ec3533147a9
  depends:
  - __glibc >=2.17,<3.0.a0
  - ca-certificates
  - libgcc >=13
  license: Apache-2.0
  license_family: Apache
  purls: []
  size: 2947466
  timestamp: 1731377666602
- conda: https://conda.anaconda.org/conda-forge/linux-64/python-3.13.1-ha99a958_102_cp313.conda
  build_number: 102
  sha256: b10f25c5edc203d15b3f54861bec4868b8200ebc16c8cbc82202e4c8da2b183e
  md5: 6e7535f1d1faf524e9210d2689b3149b
  depends:
  - __glibc >=2.17,<3.0.a0
  - bzip2 >=1.0.8,<2.0a0
  - ld_impl_linux-64 >=2.36.1
  - libexpat >=2.6.4,<3.0a0
  - libffi >=3.4,<4.0a0
  - libgcc >=13
  - liblzma >=5.6.3,<6.0a0
  - libmpdec >=4.0.0,<5.0a0
  - libsqlite >=3.47.0,<4.0a0
  - libuuid >=2.38.1,<3.0a0
  - libzlib >=1.3.1,<2.0a0
  - ncurses >=6.5,<7.0a0
  - openssl >=3.4.0,<4.0a0
  - python_abi 3.13.* *_cp313
  - readline >=8.2,<9.0a0
  - tk >=8.6.13,<8.7.0a0
  - tzdata
  license: Python-2.0
  purls: []
  size: 33263183
  timestamp: 1733436074842
- conda: https://conda.anaconda.org/conda-forge/linux-64/python_abi-3.13-5_cp313.conda
  build_number: 5
  sha256: 438225b241c5f9bddae6f0178a97f5870a89ecf927dfca54753e689907331442
  md5: 381bbd2a92c863f640a55b6ff3c35161
  constrains:
  - python 3.13.* *_cp313
  license: BSD-3-Clause
  license_family: BSD
  purls: []
  size: 6217
  timestamp: 1723823393322
- conda: https://conda.anaconda.org/conda-forge/linux-64/readline-8.2-h8228510_1.conda
  sha256: 5435cf39d039387fbdc977b0a762357ea909a7694d9528ab40f005e9208744d7
  md5: 47d31b792659ce70f470b5c82fdfb7a4
  depends:
  - libgcc-ng >=12
  - ncurses >=6.3,<7.0a0
  license: GPL-3.0-only
  license_family: GPL
  purls: []
  size: 281456
  timestamp: 1679532220005
- pypi: https://files.pythonhosted.org/packages/55/21/47d163f615df1d30c094f6c8bbb353619274edccf0327b185cc2493c2c33/setuptools-75.6.0-py3-none-any.whl
  name: setuptools
  version: 75.6.0
  sha256: ce74b49e8f7110f9bf04883b730f4765b774ef3ef28f722cce7c273d253aaf7d
  requires_dist:
  - pytest>=6,!=8.1.* ; extra == 'test'
  - virtualenv>=13.0.0 ; extra == 'test'
  - wheel>=0.44.0 ; extra == 'test'
  - pip>=19.1 ; extra == 'test'
  - packaging>=24.2 ; extra == 'test'
  - jaraco-envs>=2.2 ; extra == 'test'
  - pytest-xdist>=3 ; extra == 'test'
  - jaraco-path>=3.2.0 ; extra == 'test'
  - build[virtualenv]>=1.0.3 ; extra == 'test'
  - filelock>=3.4.0 ; extra == 'test'
  - ini2toml[lite]>=0.14 ; extra == 'test'
  - tomli-w>=1.0.0 ; extra == 'test'
  - pytest-timeout ; extra == 'test'
  - pytest-perf ; sys_platform != 'cygwin' and extra == 'test'
  - jaraco-develop>=7.21 ; python_full_version >= '3.9' and sys_platform != 'cygwin' and extra == 'test'
  - pytest-home>=0.5 ; extra == 'test'
  - pytest-subprocess ; extra == 'test'
  - pyproject-hooks!=1.1 ; extra == 'test'
  - jaraco-test>=5.5 ; extra == 'test'
  - sphinx>=3.5 ; extra == 'doc'
  - jaraco-packaging>=9.3 ; extra == 'doc'
  - rst-linker>=1.9 ; extra == 'doc'
  - furo ; extra == 'doc'
  - sphinx-lint ; extra == 'doc'
  - jaraco-tidelift>=1.4 ; extra == 'doc'
  - pygments-github-lexers==0.0.5 ; extra == 'doc'
  - sphinx-favicon ; extra == 'doc'
  - sphinx-inline-tabs ; extra == 'doc'
  - sphinx-reredirects ; extra == 'doc'
  - sphinxcontrib-towncrier ; extra == 'doc'
  - sphinx-notfound-page>=1,<2 ; extra == 'doc'
  - pyproject-hooks!=1.1 ; extra == 'doc'
  - towncrier<24.7 ; extra == 'doc'
  - packaging>=24.2 ; extra == 'core'
  - more-itertools>=8.8 ; extra == 'core'
  - jaraco-text>=3.7 ; extra == 'core'
  - importlib-metadata>=6 ; python_full_version < '3.10' and extra == 'core'
  - tomli>=2.0.1 ; python_full_version < '3.11' and extra == 'core'
  - wheel>=0.43.0 ; extra == 'core'
  - platformdirs>=4.2.2 ; extra == 'core'
  - jaraco-collections ; extra == 'core'
  - jaraco-functools>=4 ; extra == 'core'
  - packaging ; extra == 'core'
  - more-itertools ; extra == 'core'
  - pytest-checkdocs>=2.4 ; extra == 'check'
  - pytest-ruff>=0.2.1 ; sys_platform != 'cygwin' and extra == 'check'
  - ruff>=0.7.0 ; sys_platform != 'cygwin' and extra == 'check'
  - pytest-cov ; extra == 'cover'
  - pytest-enabler>=2.2 ; extra == 'enabler'
  - pytest-mypy ; extra == 'type'
  - mypy>=1.12,<1.14 ; extra == 'type'
  - importlib-metadata>=7.0.2 ; python_full_version < '3.10' and extra == 'type'
  - jaraco-develop>=7.21 ; sys_platform != 'cygwin' and extra == 'type'
  requires_python: '>=3.9'
- pypi: https://files.pythonhosted.org/packages/b2/fe/81695a1aa331a842b582453b605175f419fe8540355886031328089d840a/sympy-1.13.1-py3-none-any.whl
  name: sympy
  version: 1.13.1
  sha256: db36cdc64bf61b9b24578b6f7bab1ecdd2452cf008f34faa33776680c26d66f8
  requires_dist:
  - mpmath>=1.1.0,<1.4
  - pytest>=7.1.0 ; extra == 'dev'
  - hypothesis>=6.70.0 ; extra == 'dev'
  requires_python: '>=3.8'
- conda: https://conda.anaconda.org/conda-forge/noarch/sysroot_linux-64-2.17-h4a8ded7_18.conda
  sha256: 23c7ab371c1b74d01a187e05aa7240e3f5654599e364a9adff7f0b02e26f471f
  md5: 0ea96f90a10838f58412aa84fdd9df09
  depends:
  - kernel-headers_linux-64 3.10.0 he073ed8_18
  - tzdata
  license: LGPL-2.0-or-later AND LGPL-2.0-or-later WITH exceptions AND GPL-2.0-or-later AND MPL-2.0
  license_family: GPL
  purls: []
  size: 15500960
  timestamp: 1729794510631
- conda: https://conda.anaconda.org/conda-forge/linux-64/tk-8.6.13-noxft_h4845f30_101.conda
  sha256: e0569c9caa68bf476bead1bed3d79650bb080b532c64a4af7d8ca286c08dea4e
  md5: d453b98d9c83e71da0741bb0ff4d76bc
  depends:
  - libgcc-ng >=12
  - libzlib >=1.2.13,<2.0.0a0
  license: TCL
  license_family: BSD
  purls: []
  size: 3318875
  timestamp: 1699202167581
- pypi: https://files.pythonhosted.org/packages/69/72/20cb30f3b39a9face296491a86adb6ff8f1a47a897e4d14667e6cf89d5c3/torch-2.5.1-cp313-cp313-manylinux1_x86_64.whl
  name: torch
  version: 2.5.1
  sha256: 9b61edf3b4f6e3b0e0adda8b3960266b9009d02b37555971f4d1c8f7a05afed7
  requires_dist:
  - filelock
  - typing-extensions>=4.8.0
  - networkx
  - jinja2
  - fsspec
  - nvidia-cuda-nvrtc-cu12==12.4.127 ; platform_machine == 'x86_64' and platform_system == 'Linux'
  - nvidia-cuda-runtime-cu12==12.4.127 ; platform_machine == 'x86_64' and platform_system == 'Linux'
  - nvidia-cuda-cupti-cu12==12.4.127 ; platform_machine == 'x86_64' and platform_system == 'Linux'
  - nvidia-cudnn-cu12==9.1.0.70 ; platform_machine == 'x86_64' and platform_system == 'Linux'
  - nvidia-cublas-cu12==12.4.5.8 ; platform_machine == 'x86_64' and platform_system == 'Linux'
  - nvidia-cufft-cu12==11.2.1.3 ; platform_machine == 'x86_64' and platform_system == 'Linux'
  - nvidia-curand-cu12==10.3.5.147 ; platform_machine == 'x86_64' and platform_system == 'Linux'
  - nvidia-cusolver-cu12==11.6.1.9 ; platform_machine == 'x86_64' and platform_system == 'Linux'
  - nvidia-cusparse-cu12==12.3.1.170 ; platform_machine == 'x86_64' and platform_system == 'Linux'
  - nvidia-nccl-cu12==2.21.5 ; platform_machine == 'x86_64' and platform_system == 'Linux'
  - nvidia-nvtx-cu12==12.4.127 ; platform_machine == 'x86_64' and platform_system == 'Linux'
  - nvidia-nvjitlink-cu12==12.4.127 ; platform_machine == 'x86_64' and platform_system == 'Linux'
  - triton==3.1.0 ; python_full_version < '3.13' and platform_machine == 'x86_64' and platform_system == 'Linux'
  - sympy==1.12.1 ; python_full_version == '3.8.*'
  - setuptools ; python_full_version >= '3.12'
  - sympy==1.13.1 ; python_full_version >= '3.9'
  - opt-einsum>=3.3 ; extra == 'opt-einsum'
  - optree>=0.12.0 ; extra == 'optree'
  requires_python: '>=3.8.0'
- pypi: https://files.pythonhosted.org/packages/26/9f/ad63fc0248c5379346306f8668cda6e2e2e9c95e01216d2b8ffd9ff037d0/typing_extensions-4.12.2-py3-none-any.whl
  name: typing-extensions
  version: 4.12.2
  sha256: 04e5ca0351e0f3f85c6853954072df659d0d13fac324d0072316b67d7794700d
  requires_python: '>=3.8'
- conda: https://conda.anaconda.org/conda-forge/noarch/tzdata-2024b-hc8b5060_0.conda
  sha256: 4fde5c3008bf5d2db82f2b50204464314cc3c91c1d953652f7bd01d9e52aefdf
  md5: 8ac3367aafb1cc0a068483c580af8015
  license: LicenseRef-Public-Domain
  purls: []
  size: 122354
  timestamp: 1728047496079
